
Microsoft Visual Studio Solution File, Format Version 12.00
# Visual Studio Version 17
VisualStudioVersion = 17.9.34723.18
MinimumVisualStudioVersion = 10.0.40219.1
Project("{FAE04EC0-301F-11D3-BF4B-00C04F79EFBC}") = "StreamModel", "StreamModel\StreamModel.csproj", "{3E142AED-9290-48D2-B0AA-F3C31D40A643}"
EndProject
Project("{FAE04EC0-301F-11D3-BF4B-00C04F79EFBC}") = "MusicPlaylist", "MusicPlaylist\MusicPlaylist.csproj", "{32E1E03D-932B-4AB1-9916-D04E44C02BFC}"
EndProject
Project("{FAE04EC0-301F-11D3-BF4B-00C04F79EFBC}") = "PlaylistSong", "PlaylistSong\PlaylistSong.csproj", "{8A610182-6523-46D2-B004-5CFD1F266726}"
EndProject
Global
	GlobalSection(SolutionConfigurationPlatforms) = preSolution
		Debug|Any CPU = Debug|Any CPU
		Release|Any CPU = Release|Any CPU
	EndGlobalSection
	GlobalSection(ProjectConfigurationPlatforms) = postSolution
		{3E142AED-9290-48D2-B0AA-F3C31D40A643}.Debug|Any CPU.ActiveCfg = Debug|Any CPU
		{3E142AED-9290-48D2-B0AA-F3C31D40A643}.Debug|Any CPU.Build.0 = Debug|Any CPU
		{3E142AED-9290-48D2-B0AA-F3C31D40A643}.Release|Any CPU.ActiveCfg = Release|Any CPU
		{3E142AED-9290-48D2-B0AA-F3C31D40A643}.Release|Any CPU.Build.0 = Release|Any CPU
		{32E1E03D-932B-4AB1-9916-D04E44C02BFC}.Debug|Any CPU.ActiveCfg = Debug|Any CPU
		{32E1E03D-932B-4AB1-9916-D04E44C02BFC}.Debug|Any CPU.Build.0 = Debug|Any CPU
		{32E1E03D-932B-4AB1-9916-D04E44C02BFC}.Release|Any CPU.ActiveCfg = Release|Any CPU
		{32E1E03D-932B-4AB1-9916-D04E44C02BFC}.Release|Any CPU.Build.0 = Release|Any CPU
		{8A610182-6523-46D2-B004-5CFD1F266726}.Debug|Any CPU.ActiveCfg = Debug|Any CPU
		{8A610182-6523-46D2-B004-5CFD1F266726}.Debug|Any CPU.Build.0 = Debug|Any CPU
		{8A610182-6523-46D2-B004-5CFD1F266726}.Release|Any CPU.ActiveCfg = Release|Any CPU
		{8A610182-6523-46D2-B004-5CFD1F266726}.Release|Any CPU.Build.0 = Release|Any CPU
	EndGlobalSection
	GlobalSection(SolutionProperties) = preSolution
		HideSolutionNode = FALSE
	EndGlobalSection
	GlobalSection(ExtensibilityGlobals) = postSolution
		SolutionGuid = {1AF5B5C9-2093-409E-89CB-F6511C0A04CF}
	EndGlobalSection
EndGlobal
